github.com/GreatValueCreamSoda/goffms2 v0.0.0-20251208013051-6044a8bba21c h1:3gV1lz1fhvm0+GvMWVTiFmfcaHLOnkQMRcNi1+SAN6E=
github.com/GreatValueCreamSoda/goffms2 v0.0.0-20251208013051-6044a8bba21c/go.mod h1:hNIe6ICQkhQXmCAomU3mpWBAE4n8Wz7MkzCtv/lojfM=
github.com/GreatValueCreamSoda/gopixfmts v0.0.0-20251207215252-ab2c9275346f h1:OYXAsCrJ5Qa0Do68BcbcFYvcVKvcj8vb+RfD9MhDWT4=
github.com/GreatValueCreamSoda/gopixfmts v0.0.0-20251207215252-ab2c9275346f/go.mod h1:TfpOJzrasTsHyVCD1ncWTPNyyIBbzeBjgtK/8f+Kiao=
github.com/spf13/pflag v1.0.10 h1:4EBh2KAYBwaONj6b2Ye1GiHfwjqyROoF4RwYO+vPwFk=
github.com/spf13/pflag v1.0.10/go.mod h1:McXfInJRrz4CZXVZOBLb0bTZqETkiAhM9Iw0y3An2Bg=
